
Microsoft Visual Studio Solution File, Format Version 12.00
# Visual Studio Version 16
VisualStudioVersion = 16.0.30330.147
MinimumVisualStudioVersion = 10.0.40219.1
Project("{FAE04EC0-301F-11D3-BF4B-00C04F79EFBC}") = "REST-API-TODO", "REST-API-TODO\REST-API-TODO.csproj", "{F1444C16-1151-4B46-9818-0B0AD8F20BE6}"
EndProject
Global
	GlobalSection(SolutionConfigurationPlatforms) = preSolution
		Debug|Any CPU = Debug|Any CPU
		Release|Any CPU = Release|Any CPU
	EndGlobalSection
	GlobalSection(ProjectConfigurationPlatforms) = postSolution
		{F1444C16-1151-4B46-9818-0B0AD8F20BE6}.Debug|Any CPU.ActiveCfg = Debug|Any CPU
		{F1444C16-1151-4B46-9818-0B0AD8F20BE6}.Debug|Any CPU.Build.0 = Debug|Any CPU
		{F1444C16-1151-4B46-9818-0B0AD8F20BE6}.Release|Any CPU.ActiveCfg = Release|Any CPU
		{F1444C16-1151-4B46-9818-0B0AD8F20BE6}.Release|Any CPU.Build.0 = Release|Any CPU
	EndGlobalSection
	GlobalSection(SolutionProperties) = preSolution
		HideSolutionNode = FALSE
	EndGlobalSection
	GlobalSection(ExtensibilityGlobals) = postSolution
		SolutionGuid = {A7F3DB49-BBB0-4361-B399-37207D11060A}
	EndGlobalSection
EndGlobal
